
Microsoft Visual Studio Solution File, Format Version 12.00
# Visual Studio Version 16
VisualStudioVersion = 16.0.31911.196
MinimumVisualStudioVersion = 10.0.40219.1
Project("{FAE04EC0-301F-11D3-BF4B-00C04F79EFBC}") = "BaiTap01", "BaiTap01\BaiTap01.csproj", "{745A7998-FECD-438D-8B2A-C1FBA283AF00}"
EndProject
Project("{FAE04EC0-301F-11D3-BF4B-00C04F79EFBC}") = "BaiTap02", "BaiTap02\BaiTap02.csproj", "{267DC1C8-22CC-4B5A-9963-5B15DAE01019}"
EndProject
Global
	GlobalSection(SolutionConfigurationPlatforms) = preSolution
		Debug|Any CPU = Debug|Any CPU
		Release|Any CPU = Release|Any CPU
	EndGlobalSection
	GlobalSection(ProjectConfigurationPlatforms) = postSolution
		{745A7998-FECD-438D-8B2A-C1FBA283AF00}.Debug|Any CPU.ActiveCfg = Debug|Any CPU
		{745A7998-FECD-438D-8B2A-C1FBA283AF00}.Debug|Any CPU.Build.0 = Debug|Any CPU
		{745A7998-FECD-438D-8B2A-C1FBA283AF00}.Release|Any CPU.ActiveCfg = Release|Any CPU
		{745A7998-FECD-438D-8B2A-C1FBA283AF00}.Release|Any CPU.Build.0 = Release|Any CPU
		{267DC1C8-22CC-4B5A-9963-5B15DAE01019}.Debug|Any CPU.ActiveCfg = Debug|Any CPU
		{267DC1C8-22CC-4B5A-9963-5B15DAE01019}.Debug|Any CPU.Build.0 = Debug|Any CPU
		{267DC1C8-22CC-4B5A-9963-5B15DAE01019}.Release|Any CPU.ActiveCfg = Release|Any CPU
		{267DC1C8-22CC-4B5A-9963-5B15DAE01019}.Release|Any CPU.Build.0 = Release|Any CPU
	EndGlobalSection
	GlobalSection(SolutionProperties) = preSolution
		HideSolutionNode = FALSE
	EndGlobalSection
	GlobalSection(ExtensibilityGlobals) = postSolution
		SolutionGuid = {CD22703E-D4A1-4FC0-996A-D6E6E9DE6476}
	EndGlobalSection
EndGlobal
